{"neo-tree.nvim": {"commit": "29f7c21"}, "lsp-zero.nvim": {"commit": "9a68651"}, "vim-lastplace": {"commit": "e58cb0d"}, "Comment.nvim": {"commit": "e30b7f2"}, "telescope-recent-files": {"commit": "6893cda"}, "mason.nvim": {"commit": "e2f7f90"}, "vim-bbye": {"commit": "25ef93a"}, "copilot-cmp": {"commit": "b6e5286"}, "nvim-treesitter-textobjects": {"commit": "ca93cb2"}, "tabular": {"commit": "12437cd"}, "nvim-lspconfig": {"commit": "652386d"}, "packer.nvim": {"commit": "ea0cc3c"}, "vim-fetch": {"commit": "db3fd95"}, "lush.nvim": {"commit": "6a25413"}, "telescope.nvim": {"commit": "a0bbec2"}, "vim-surround": {"commit": "3d188ed"}, "LuaSnip": {"commit": "b84eeb3"}, "playground": {"commit": "ba48c6a"}, "cmp-nvim-lsp": {"commit": "39e2eda"}, "vim-textobj-user": {"commit": "41a675d"}, "telescope-fzf-native.nvim": {"commit": "cf48d4d"}, "copilot.lua": {"commit": "86537b2"}, "plenary.nvim": {"commit": "a3e3bc8"}, "undotree": {"commit": "56c684a"}, "nvim-web-devicons": {"commit": "3722e3d"}, "vim-repeat": {"commit": "6584602"}, "nvim-cmp": {"commit": "ae644fe"}, "text-case.nvim": {"commit": "e898cfd"}, "wombat.nvim": {"commit": "efdfe7e"}, "nvim-treesitter": {"commit": "3e0feeb0"}, "nui.nvim": {"commit": "61574ce"}, "cmp-path": {"commit": "91ff86c"}, "vim-bad-whitespace": {"commit": "51aca6d"}, "vim-textobj-url": {"commit": "f66aad5"}, "neodev.nvim": {"commit": "46aa467"}, "lightline.vim": {"commit": "58c97bc"}, "mason-lspconfig.nvim": {"commit": "62360f0"}, "cmp-cmdline": {"commit": "d250c63"}, "cmp-nvim-lua": {"commit": "f12408b"}, "cmp-buffer": {"commit": "3022dbc"}}
